{
  "nodes": {
    "nixpkgs": {
      "locked": {
        "lastModified": 1697379843,
        "narHash": "sha256-RcnGuJgC2K/UpTy+d32piEoBXq2M+nVFzM3ah/ZdJzg=",
        "owner": "NixOS",
        "repo": "nixpkgs",
        "rev": "12bdeb01ff9e2d3917e6a44037ed7df6e6c3df9d",
        "type": "github"
      },
      "original": {
        "id": "nixpkgs",
        "type": "indirect"
      }
    },
    "nixpkgs_2": {
      "locked": {
        "lastModified": 1686592866,
        "narHash": "sha256-riGg89eWhXJcPNrQGcSwTEEm7CGxWC06oSX44hajeMw=",
        "owner": "NixOS",
        "repo": "nixpkgs",
        "rev": "0eeebd64de89e4163f4d3cf34ffe925a5cf67a05",
        "type": "github"
      },
      "original": {
        "owner": "NixOS",
        "ref": "nixos-unstable",
        "repo": "nixpkgs",
        "type": "github"
      }
    },
    "openwrt-imagebuilder": {
      "inputs": {
        "nixpkgs": "nixpkgs_2"
      },
      "locked": {
        "lastModified": 1697451533,
        "narHash": "sha256-JVyzKg1W+2MZ1VuNSCR7H/0PeEsfjfvUbFg2IQE0orw=",
        "owner": "astro",
        "repo": "nix-openwrt-imagebuilder",
        "rev": "8e0fb3d88690eb00c48ceed4ee093e95e3c3a352",
        "type": "github"
      },
      "original": {
        "owner": "astro",
        "repo": "nix-openwrt-imagebuilder",
        "type": "github"
      }
    },
    "root": {
      "inputs": {
        "nixpkgs": "nixpkgs",
        "openwrt-imagebuilder": "openwrt-imagebuilder"
      }
    }
  },
  "root": "root",
  "version": 7
}
